
Microsoft Visual Studio Solution File, Format Version 12.00
# Visual Studio Version 16
VisualStudioVersion = 16.0.30114.128
MinimumVisualStudioVersion = 15.0.26124.0
Project("{9A19103F-16F7-4668-BE54-9A1E7A4F7556}") = "Arity", "src\Arity\Arity.csproj", "{75F38B1D-7675-40A7-AB7A-23DD7E50D226}"
EndProject
Project("{9A19103F-16F7-4668-BE54-9A1E7A4F7556}") = "Arity.DirectoryCatalog", "src\Arity.DirectoryCatalog\Arity.DirectoryCatalog.csproj", "{20C34400-F8B7-4775-8A64-6D75640C9FBB}"
EndProject
Project("{9A19103F-16F7-4668-BE54-9A1E7A4F7556}") = "Arity.Hosting", "src\Arity.Hosting\Arity.Hosting.csproj", "{27C40717-9FED-4FFB-9675-8E6E95E5BF8F}"
EndProject
Project("{9A19103F-16F7-4668-BE54-9A1E7A4F7556}") = "Arity.Abstractions", "src\Arity.Abstractions\Arity.Abstractions.csproj", "{70263AF5-1139-4575-A233-3BE768DBE0DB}"
EndProject
Global
	GlobalSection(SolutionConfigurationPlatforms) = preSolution
		Debug|Any CPU = Debug|Any CPU
		Debug|x64 = Debug|x64
		Debug|x86 = Debug|x86
		Release|Any CPU = Release|Any CPU
		Release|x64 = Release|x64
		Release|x86 = Release|x86
	EndGlobalSection
	GlobalSection(ProjectConfigurationPlatforms) = postSolution
		{75F38B1D-7675-40A7-AB7A-23DD7E50D226}.Debug|Any CPU.ActiveCfg = Debug|Any CPU
		{75F38B1D-7675-40A7-AB7A-23DD7E50D226}.Debug|Any CPU.Build.0 = Debug|Any CPU
		{75F38B1D-7675-40A7-AB7A-23DD7E50D226}.Debug|x64.ActiveCfg = Debug|Any CPU
		{75F38B1D-7675-40A7-AB7A-23DD7E50D226}.Debug|x64.Build.0 = Debug|Any CPU
		{75F38B1D-7675-40A7-AB7A-23DD7E50D226}.Debug|x86.ActiveCfg = Debug|Any CPU
		{75F38B1D-7675-40A7-AB7A-23DD7E50D226}.Debug|x86.Build.0 = Debug|Any CPU
		{75F38B1D-7675-40A7-AB7A-23DD7E50D226}.Release|Any CPU.ActiveCfg = Release|Any CPU
		{75F38B1D-7675-40A7-AB7A-23DD7E50D226}.Release|Any CPU.Build.0 = Release|Any CPU
		{75F38B1D-7675-40A7-AB7A-23DD7E50D226}.Release|x64.ActiveCfg = Release|Any CPU
		{75F38B1D-7675-40A7-AB7A-23DD7E50D226}.Release|x64.Build.0 = Release|Any CPU
		{75F38B1D-7675-40A7-AB7A-23DD7E50D226}.Release|x86.ActiveCfg = Release|Any CPU
		{75F38B1D-7675-40A7-AB7A-23DD7E50D226}.Release|x86.Build.0 = Release|Any CPU
		{20C34400-F8B7-4775-8A64-6D75640C9FBB}.Debug|Any CPU.ActiveCfg = Debug|Any CPU
		{20C34400-F8B7-4775-8A64-6D75640C9FBB}.Debug|Any CPU.Build.0 = Debug|Any CPU
		{20C34400-F8B7-4775-8A64-6D75640C9FBB}.Debug|x64.ActiveCfg = Debug|Any CPU
		{20C34400-F8B7-4775-8A64-6D75640C9FBB}.Debug|x64.Build.0 = Debug|Any CPU
		{20C34400-F8B7-4775-8A64-6D75640C9FBB}.Debug|x86.ActiveCfg = Debug|Any CPU
		{20C34400-F8B7-4775-8A64-6D75640C9FBB}.Debug|x86.Build.0 = Debug|Any CPU
		{20C34400-F8B7-4775-8A64-6D75640C9FBB}.Release|Any CPU.ActiveCfg = Release|Any CPU
		{20C34400-F8B7-4775-8A64-6D75640C9FBB}.Release|Any CPU.Build.0 = Release|Any CPU
		{20C34400-F8B7-4775-8A64-6D75640C9FBB}.Release|x64.ActiveCfg = Release|Any CPU
		{20C34400-F8B7-4775-8A64-6D75640C9FBB}.Release|x64.Build.0 = Release|Any CPU
		{20C34400-F8B7-4775-8A64-6D75640C9FBB}.Release|x86.ActiveCfg = Release|Any CPU
		{20C34400-F8B7-4775-8A64-6D75640C9FBB}.Release|x86.Build.0 = Release|Any CPU
		{27C40717-9FED-4FFB-9675-8E6E95E5BF8F}.Debug|Any CPU.ActiveCfg = Debug|Any CPU
		{27C40717-9FED-4FFB-9675-8E6E95E5BF8F}.Debug|Any CPU.Build.0 = Debug|Any CPU
		{27C40717-9FED-4FFB-9675-8E6E95E5BF8F}.Debug|x64.ActiveCfg = Debug|Any CPU
		{27C40717-9FED-4FFB-9675-8E6E95E5BF8F}.Debug|x64.Build.0 = Debug|Any CPU
		{27C40717-9FED-4FFB-9675-8E6E95E5BF8F}.Debug|x86.ActiveCfg = Debug|Any CPU
		{27C40717-9FED-4FFB-9675-8E6E95E5BF8F}.Debug|x86.Build.0 = Debug|Any CPU
		{27C40717-9FED-4FFB-9675-8E6E95E5BF8F}.Release|Any CPU.ActiveCfg = Release|Any CPU
		{27C40717-9FED-4FFB-9675-8E6E95E5BF8F}.Release|Any CPU.Build.0 = Release|Any CPU
		{27C40717-9FED-4FFB-9675-8E6E95E5BF8F}.Release|x64.ActiveCfg = Release|Any CPU
		{27C40717-9FED-4FFB-9675-8E6E95E5BF8F}.Release|x64.Build.0 = Release|Any CPU
		{27C40717-9FED-4FFB-9675-8E6E95E5BF8F}.Release|x86.ActiveCfg = Release|Any CPU
		{27C40717-9FED-4FFB-9675-8E6E95E5BF8F}.Release|x86.Build.0 = Release|Any CPU
		{70263AF5-1139-4575-A233-3BE768DBE0DB}.Debug|Any CPU.ActiveCfg = Debug|Any CPU
		{70263AF5-1139-4575-A233-3BE768DBE0DB}.Debug|Any CPU.Build.0 = Debug|Any CPU
		{70263AF5-1139-4575-A233-3BE768DBE0DB}.Debug|x64.ActiveCfg = Debug|Any CPU
		{70263AF5-1139-4575-A233-3BE768DBE0DB}.Debug|x64.Build.0 = Debug|Any CPU
		{70263AF5-1139-4575-A233-3BE768DBE0DB}.Debug|x86.ActiveCfg = Debug|Any CPU
		{70263AF5-1139-4575-A233-3BE768DBE0DB}.Debug|x86.Build.0 = Debug|Any CPU
		{70263AF5-1139-4575-A233-3BE768DBE0DB}.Release|Any CPU.ActiveCfg = Release|Any CPU
		{70263AF5-1139-4575-A233-3BE768DBE0DB}.Release|Any CPU.Build.0 = Release|Any CPU
		{70263AF5-1139-4575-A233-3BE768DBE0DB}.Release|x64.ActiveCfg = Release|Any CPU
		{70263AF5-1139-4575-A233-3BE768DBE0DB}.Release|x64.Build.0 = Release|Any CPU
		{70263AF5-1139-4575-A233-3BE768DBE0DB}.Release|x86.ActiveCfg = Release|Any CPU
		{70263AF5-1139-4575-A233-3BE768DBE0DB}.Release|x86.Build.0 = Release|Any CPU
	EndGlobalSection
	GlobalSection(SolutionProperties) = preSolution
		HideSolutionNode = FALSE
	EndGlobalSection
	GlobalSection(ExtensibilityGlobals) = postSolution
		SolutionGuid = {CE1334CE-7ECB-4822-BDB1-C47D82D6222A}
	EndGlobalSection
EndGlobal
